
Microsoft Visual Studio Solution File, Format Version 12.00
# Visual Studio Version 17
VisualStudioVersion = 17.9.34616.47
MinimumVisualStudioVersion = 10.0.40219.1
Project("{FAE04EC0-301F-11D3-BF4B-00C04F79EFBC}") = "proba", "proba\proba.csproj", "{C143565E-4B7C-41C2-81A0-484A77AAFA42}"
EndProject
Project("{FAE04EC0-301F-11D3-BF4B-00C04F79EFBC}") = "UnitTestProject1", "UnitTestProject1\UnitTestProject1.csproj", "{30D75F86-61A1-44C4-9B86-65B1C49BA761}"
EndProject
Global
	GlobalSection(SolutionConfigurationPlatforms) = preSolution
		Debug|Any CPU = Debug|Any CPU
		Release|Any CPU = Release|Any CPU
	EndGlobalSection
	GlobalSection(ProjectConfigurationPlatforms) = postSolution
		{C143565E-4B7C-41C2-81A0-484A77AAFA42}.Debug|Any CPU.ActiveCfg = Debug|Any CPU
		{C143565E-4B7C-41C2-81A0-484A77AAFA42}.Debug|Any CPU.Build.0 = Debug|Any CPU
		{C143565E-4B7C-41C2-81A0-484A77AAFA42}.Release|Any CPU.ActiveCfg = Release|Any CPU
		{C143565E-4B7C-41C2-81A0-484A77AAFA42}.Release|Any CPU.Build.0 = Release|Any CPU
		{30D75F86-61A1-44C4-9B86-65B1C49BA761}.Debug|Any CPU.ActiveCfg = Debug|Any CPU
		{30D75F86-61A1-44C4-9B86-65B1C49BA761}.Debug|Any CPU.Build.0 = Debug|Any CPU
		{30D75F86-61A1-44C4-9B86-65B1C49BA761}.Release|Any CPU.ActiveCfg = Release|Any CPU
		{30D75F86-61A1-44C4-9B86-65B1C49BA761}.Release|Any CPU.Build.0 = Release|Any CPU
	EndGlobalSection
	GlobalSection(SolutionProperties) = preSolution
		HideSolutionNode = FALSE
	EndGlobalSection
	GlobalSection(ExtensibilityGlobals) = postSolution
		SolutionGuid = {38EEDF76-BBE6-4C2E-AB43-3F5235711155}
	EndGlobalSection
EndGlobal
